
Microsoft Visual Studio Solution File, Format Version 12.00
# Visual Studio Version 16
VisualStudioVersion = 16.0.31727.386
MinimumVisualStudioVersion = 10.0.40219.1
Project("{FAE04EC0-301F-11D3-BF4B-00C04F79EFBC}") = "DioDocsExcelWebServiceFunctionApp", "DioDocsExcelWebServiceFunctionApp\DioDocsExcelWebServiceFunctionApp.csproj", "{EF844A73-CA33-4AF8-97E0-31F5EF63E86D}"
EndProject
Global
	GlobalSection(SolutionConfigurationPlatforms) = preSolution
		Debug|Any CPU = Debug|Any CPU
		Release|Any CPU = Release|Any CPU
	EndGlobalSection
	GlobalSection(ProjectConfigurationPlatforms) = postSolution
		{EF844A73-CA33-4AF8-97E0-31F5EF63E86D}.Debug|Any CPU.ActiveCfg = Debug|Any CPU
		{EF844A73-CA33-4AF8-97E0-31F5EF63E86D}.Debug|Any CPU.Build.0 = Debug|Any CPU
		{EF844A73-CA33-4AF8-97E0-31F5EF63E86D}.Release|Any CPU.ActiveCfg = Release|Any CPU
		{EF844A73-CA33-4AF8-97E0-31F5EF63E86D}.Release|Any CPU.Build.0 = Release|Any CPU
	EndGlobalSection
	GlobalSection(SolutionProperties) = preSolution
		HideSolutionNode = FALSE
	EndGlobalSection
	GlobalSection(ExtensibilityGlobals) = postSolution
		SolutionGuid = {6EE47AFB-CB79-43DC-8B71-74E4F0C9EB80}
	EndGlobalSection
EndGlobal
